
Microsoft Visual Studio Solution File, Format Version 12.00
Project("{FAE04EC0-301F-11D3-BF4B-00C04F79EFBC}") = "RedDeadRedemption2Mods", "RedDeadRedemption2Mods.csproj", "{C61A8667-898A-46B4-B80B-11A1A917E87F}"
EndProject
Project("{FAE04EC0-301F-11D3-BF4B-00C04F79EFBC}") = "MapEditing", "MapEditing\MapEditing.csproj", "{C037774C-A136-41FE-8277-83494492C009}"
EndProject
Global
	GlobalSection(SolutionConfigurationPlatforms) = preSolution
		Debug|Any CPU = Debug|Any CPU
		Release|Any CPU = Release|Any CPU
	EndGlobalSection
	GlobalSection(ProjectConfigurationPlatforms) = postSolution
		{C61A8667-898A-46B4-B80B-11A1A917E87F}.Debug|Any CPU.ActiveCfg = Debug|Any CPU
		{C61A8667-898A-46B4-B80B-11A1A917E87F}.Debug|Any CPU.Build.0 = Debug|Any CPU
		{C61A8667-898A-46B4-B80B-11A1A917E87F}.Release|Any CPU.ActiveCfg = Release|Any CPU
		{C61A8667-898A-46B4-B80B-11A1A917E87F}.Release|Any CPU.Build.0 = Release|Any CPU
		{C037774C-A136-41FE-8277-83494492C009}.Debug|Any CPU.ActiveCfg = Debug|Any CPU
		{C037774C-A136-41FE-8277-83494492C009}.Debug|Any CPU.Build.0 = Debug|Any CPU
		{C037774C-A136-41FE-8277-83494492C009}.Release|Any CPU.ActiveCfg = Release|Any CPU
		{C037774C-A136-41FE-8277-83494492C009}.Release|Any CPU.Build.0 = Release|Any CPU
	EndGlobalSection
EndGlobal
